
Microsoft Visual Studio Solution File, Format Version 12.00
Project("{2150E333-8FDC-42A3-9474-1A3956D46DE8}") = "Doc", "Doc", "{956A929D-19DD-4DE7-924A-7F56DEE9FEF0}"
EndProject
Project("{2150E333-8FDC-42A3-9474-1A3956D46DE8}") = "Src", "Src", "{AD55F06E-5519-4DE7-9F35-826964AD2ED2}"
EndProject
Project("{2150E333-8FDC-42A3-9474-1A3956D46DE8}") = "Test", "Test", "{5ECB1D5D-6F85-431F-8E89-2B9104BD78DB}"
EndProject
Project("{2150E333-8FDC-42A3-9474-1A3956D46DE8}") = "Common", "Common", "{C2118B6A-96CB-412D-9B1C-29F4E7ECC58F}"
EndProject
Project("{2150E333-8FDC-42A3-9474-1A3956D46DE8}") = "Infrastructure", "Infrastructure", "{5D7DCA0A-9B9D-4F76-925E-A3AA7816B969}"
EndProject
Project("{2150E333-8FDC-42A3-9474-1A3956D46DE8}") = "Core", "Core", "{00A94824-6AEE-4016-AC95-8F69179FC1CB}"
EndProject
Project("{2150E333-8FDC-42A3-9474-1A3956D46DE8}") = "Peresentation", "Peresentation", "{A2333CF2-CC4D-446E-8F97-D048235ED774}"
EndProject
Project("{FAE04EC0-301F-11D3-BF4B-00C04F79EFBC}") = "Store.Domain", "Store.Domain\Store.Domain.csproj", "{E591C9DC-907B-4A54-A958-400D64916E44}"
EndProject
Project("{FAE04EC0-301F-11D3-BF4B-00C04F79EFBC}") = "Store.Application", "Store.Application\Store.Application.csproj", "{624AABFC-3125-44D5-BF08-D3CB23AC60BA}"
EndProject
Project("{FAE04EC0-301F-11D3-BF4B-00C04F79EFBC}") = "Store.Infrastructure", "Store.Infrastructure\Store.Infrastructure.csproj", "{10D3B71E-12AC-427A-9FFD-DA6B2A38225C}"
EndProject
Project("{FAE04EC0-301F-11D3-BF4B-00C04F79EFBC}") = "Store.Persistence", "Store.Persistence\Store.Persistence.csproj", "{F163B7E9-1364-4041-9523-C8068AD92B36}"
EndProject
Project("{FAE04EC0-301F-11D3-BF4B-00C04F79EFBC}") = "Store.Coomon", "Store.Coomon\Store.Coomon.csproj", "{97B3BFAF-5467-4653-BE5E-693032E0EA46}"
EndProject
Project("{FAE04EC0-301F-11D3-BF4B-00C04F79EFBC}") = "EndPoint.Site", "EndPoint.Site\EndPoint.Site.csproj", "{554E7E53-7C86-43ED-B552-7857EF9EE316}"
EndProject
Global
	GlobalSection(SolutionConfigurationPlatforms) = preSolution
		Debug|Any CPU = Debug|Any CPU
		Release|Any CPU = Release|Any CPU
	EndGlobalSection
	GlobalSection(ProjectConfigurationPlatforms) = postSolution
		{E591C9DC-907B-4A54-A958-400D64916E44}.Debug|Any CPU.ActiveCfg = Debug|Any CPU
		{E591C9DC-907B-4A54-A958-400D64916E44}.Debug|Any CPU.Build.0 = Debug|Any CPU
		{E591C9DC-907B-4A54-A958-400D64916E44}.Release|Any CPU.ActiveCfg = Release|Any CPU
		{E591C9DC-907B-4A54-A958-400D64916E44}.Release|Any CPU.Build.0 = Release|Any CPU
		{624AABFC-3125-44D5-BF08-D3CB23AC60BA}.Debug|Any CPU.ActiveCfg = Debug|Any CPU
		{624AABFC-3125-44D5-BF08-D3CB23AC60BA}.Debug|Any CPU.Build.0 = Debug|Any CPU
		{624AABFC-3125-44D5-BF08-D3CB23AC60BA}.Release|Any CPU.ActiveCfg = Release|Any CPU
		{624AABFC-3125-44D5-BF08-D3CB23AC60BA}.Release|Any CPU.Build.0 = Release|Any CPU
		{10D3B71E-12AC-427A-9FFD-DA6B2A38225C}.Debug|Any CPU.ActiveCfg = Debug|Any CPU
		{10D3B71E-12AC-427A-9FFD-DA6B2A38225C}.Debug|Any CPU.Build.0 = Debug|Any CPU
		{10D3B71E-12AC-427A-9FFD-DA6B2A38225C}.Release|Any CPU.ActiveCfg = Release|Any CPU
		{10D3B71E-12AC-427A-9FFD-DA6B2A38225C}.Release|Any CPU.Build.0 = Release|Any CPU
		{F163B7E9-1364-4041-9523-C8068AD92B36}.Debug|Any CPU.ActiveCfg = Debug|Any CPU
		{F163B7E9-1364-4041-9523-C8068AD92B36}.Debug|Any CPU.Build.0 = Debug|Any CPU
		{F163B7E9-1364-4041-9523-C8068AD92B36}.Release|Any CPU.ActiveCfg = Release|Any CPU
		{F163B7E9-1364-4041-9523-C8068AD92B36}.Release|Any CPU.Build.0 = Release|Any CPU
		{97B3BFAF-5467-4653-BE5E-693032E0EA46}.Debug|Any CPU.ActiveCfg = Debug|Any CPU
		{97B3BFAF-5467-4653-BE5E-693032E0EA46}.Debug|Any CPU.Build.0 = Debug|Any CPU
		{97B3BFAF-5467-4653-BE5E-693032E0EA46}.Release|Any CPU.ActiveCfg = Release|Any CPU
		{97B3BFAF-5467-4653-BE5E-693032E0EA46}.Release|Any CPU.Build.0 = Release|Any CPU
		{554E7E53-7C86-43ED-B552-7857EF9EE316}.Debug|Any CPU.ActiveCfg = Debug|Any CPU
		{554E7E53-7C86-43ED-B552-7857EF9EE316}.Debug|Any CPU.Build.0 = Debug|Any CPU
		{554E7E53-7C86-43ED-B552-7857EF9EE316}.Release|Any CPU.ActiveCfg = Release|Any CPU
		{554E7E53-7C86-43ED-B552-7857EF9EE316}.Release|Any CPU.Build.0 = Release|Any CPU
	EndGlobalSection
	GlobalSection(NestedProjects) = preSolution
		{C2118B6A-96CB-412D-9B1C-29F4E7ECC58F} = {AD55F06E-5519-4DE7-9F35-826964AD2ED2}
		{5D7DCA0A-9B9D-4F76-925E-A3AA7816B969} = {AD55F06E-5519-4DE7-9F35-826964AD2ED2}
		{00A94824-6AEE-4016-AC95-8F69179FC1CB} = {AD55F06E-5519-4DE7-9F35-826964AD2ED2}
		{A2333CF2-CC4D-446E-8F97-D048235ED774} = {AD55F06E-5519-4DE7-9F35-826964AD2ED2}
		{E591C9DC-907B-4A54-A958-400D64916E44} = {00A94824-6AEE-4016-AC95-8F69179FC1CB}
		{624AABFC-3125-44D5-BF08-D3CB23AC60BA} = {00A94824-6AEE-4016-AC95-8F69179FC1CB}
		{10D3B71E-12AC-427A-9FFD-DA6B2A38225C} = {5D7DCA0A-9B9D-4F76-925E-A3AA7816B969}
		{F163B7E9-1364-4041-9523-C8068AD92B36} = {5D7DCA0A-9B9D-4F76-925E-A3AA7816B969}
		{97B3BFAF-5467-4653-BE5E-693032E0EA46} = {C2118B6A-96CB-412D-9B1C-29F4E7ECC58F}
		{554E7E53-7C86-43ED-B552-7857EF9EE316} = {A2333CF2-CC4D-446E-8F97-D048235ED774}
	EndGlobalSection
EndGlobal
